
Microsoft Visual Studio Solution File, Format Version 12.00
# Visual Studio 15
VisualStudioVersion = 15.0.28307.705
MinimumVisualStudioVersion = 10.0.40219.1
Project("{FAE04EC0-301F-11D3-BF4B-00C04F79EFBC}") = "API_FADSI", "API_FADSI\API_FADSI.csproj", "{48A97F99-BF21-4904-B0FF-87F394C95E0F}"
EndProject
Global
	GlobalSection(SolutionConfigurationPlatforms) = preSolution
		Debug|Any CPU = Debug|Any CPU
		Release|Any CPU = Release|Any CPU
	EndGlobalSection
	GlobalSection(ProjectConfigurationPlatforms) = postSolution
		{48A97F99-BF21-4904-B0FF-87F394C95E0F}.Debug|Any CPU.ActiveCfg = Debug|Any CPU
		{48A97F99-BF21-4904-B0FF-87F394C95E0F}.Debug|Any CPU.Build.0 = Debug|Any CPU
		{48A97F99-BF21-4904-B0FF-87F394C95E0F}.Release|Any CPU.ActiveCfg = Release|Any CPU
		{48A97F99-BF21-4904-B0FF-87F394C95E0F}.Release|Any CPU.Build.0 = Release|Any CPU
	EndGlobalSection
	GlobalSection(SolutionProperties) = preSolution
		HideSolutionNode = FALSE
	EndGlobalSection
	GlobalSection(ExtensibilityGlobals) = postSolution
		SolutionGuid = {403219B3-00A2-4EF3-9610-2D9DE61823B5}
	EndGlobalSection
EndGlobal
